
Microsoft Visual Studio Solution File, Format Version 12.00
# Visual Studio Version 16
VisualStudioVersion = 16.0.29418.71
MinimumVisualStudioVersion = 10.0.40219.1
Project("{2150E333-8FDC-42A3-9474-1A3956D46DE8}") = "Solution Items", "Solution Items", "{D66CE79E-F02F-464C-BCCD-EBC45D3BF8DD}"
	ProjectSection(SolutionItems) = preProject
		.editorconfig = .editorconfig
		.gitignore = .gitignore
		CHANGELOG.md = CHANGELOG.md
		Directory.Build.props = Directory.Build.props
		README.md = README.md
		.config\dotnet-tools.json = .config\dotnet-tools.json
		.github\workflows\cd.yml = .github\workflows\cd.yml
		.github\workflows\ci.yml = .github\workflows\ci.yml
		.github\dependabot.yml = .github\dependabot.yml
		.github\renovate.json = .github\renovate.json
	EndProjectSection
EndProject
Project("{2150E333-8FDC-42A3-9474-1A3956D46DE8}") = "src", "src", "{5D397648-DADD-4E29-BF89-B79847EA1207}"
	ProjectSection(SolutionItems) = preProject
		src\Directory.Build.props = src\Directory.Build.props
	EndProjectSection
EndProject
Project("{9A19103F-16F7-4668-BE54-9A1E7A4F7556}") = "GSS.Authorization.OAuth2", "src\GSS.Authorization.OAuth2\GSS.Authorization.OAuth2.csproj", "{383DD740-8BA0-4439-A058-866DAF772A92}"
EndProject
Project("{9A19103F-16F7-4668-BE54-9A1E7A4F7556}") = "GSS.Authorization.OAuth2.HttpClient", "src\GSS.Authorization.OAuth2.HttpClient\GSS.Authorization.OAuth2.HttpClient.csproj", "{4D4AD240-111E-4283-B84F-483446D23130}"
EndProject
Project("{2150E333-8FDC-42A3-9474-1A3956D46DE8}") = "test", "test", "{0FBB9903-CA58-47C0-B7EC-D0BE157CBC0D}"
	ProjectSection(SolutionItems) = preProject
		test\Directory.Build.props = test\Directory.Build.props
	EndProjectSection
EndProject
Project("{9A19103F-16F7-4668-BE54-9A1E7A4F7556}") = "GSS.Authorization.OAuth2.Tests", "test\GSS.Authorization.OAuth2.Tests\GSS.Authorization.OAuth2.Tests.csproj", "{71341403-F120-4E02-A34C-06B5CB2A18CC}"
EndProject
Project("{9A19103F-16F7-4668-BE54-9A1E7A4F7556}") = "GSS.Authorization.OAuth2.HttpClient.Tests", "test\GSS.Authorization.OAuth2.HttpClient.Tests\GSS.Authorization.OAuth2.HttpClient.Tests.csproj", "{28080D26-3251-4619-AD9D-54381759ED2A}"
EndProject
Project("{2150E333-8FDC-42A3-9474-1A3956D46DE8}") = "samples", "samples", "{F0FA418E-E9E8-4A7F-835D-A00476B78754}"
ProjectSection(SolutionItems) = preProject
	samples\Directory.Build.props = samples\Directory.Build.props
EndProjectSection
EndProject
Project("{9A19103F-16F7-4668-BE54-9A1E7A4F7556}") = "OAuth2HttpClientSample", "samples\OAuth2HttpClientSample\OAuth2HttpClientSample.csproj", "{D67C5C98-4344-4E1F-B809-5A91551C90EC}"
EndProject
Project("{9A19103F-16F7-4668-BE54-9A1E7A4F7556}") = "GSS.Authorization.OAuth", "src\GSS.Authorization.OAuth\GSS.Authorization.OAuth.csproj", "{19461FA0-0295-4B38-A49E-9D4BF3F23F33}"
EndProject
Project("{9A19103F-16F7-4668-BE54-9A1E7A4F7556}") = "GSS.Authorization.OAuth.HttpClient", "src\GSS.Authorization.OAuth.HttpClient\GSS.Authorization.OAuth.HttpClient.csproj", "{5EE1FE73-DB01-4E28-89C4-D505ED8DB155}"
EndProject
Project("{9A19103F-16F7-4668-BE54-9A1E7A4F7556}") = "GSS.Authorization.OAuth.Tests", "test\GSS.Authorization.OAuth.Tests\GSS.Authorization.OAuth.Tests.csproj", "{68B0CC78-FC18-405A-9817-6F3A1F44DF75}"
EndProject
Project("{9A19103F-16F7-4668-BE54-9A1E7A4F7556}") = "GSS.Authorization.OAuth.HttpClient.Tests", "test\GSS.Authorization.OAuth.HttpClient.Tests\GSS.Authorization.OAuth.HttpClient.Tests.csproj", "{960942AB-1309-48B0-85A5-696DAA198CB6}"
EndProject
Project("{9A19103F-16F7-4668-BE54-9A1E7A4F7556}") = "OAuthHttpClientSample", "samples\OAuthHttpClientSample\OAuthHttpClientSample.csproj", "{0F444331-5143-44E1-AE56-10031AAF0C9B}"
EndProject
Project("{9A19103F-16F7-4668-BE54-9A1E7A4F7556}") = "OAuthInteractiveConsoleAuthorizer", "samples\OAuthInteractiveConsoleAuthorizer\OAuthInteractiveConsoleAuthorizer.csproj", "{6BE29CEB-C11C-4768-BBC8-BA7B728B30BF}"
EndProject
Global
	GlobalSection(SolutionConfigurationPlatforms) = preSolution
		Debug|Any CPU = Debug|Any CPU
		Release|Any CPU = Release|Any CPU
	EndGlobalSection
	GlobalSection(ProjectConfigurationPlatforms) = postSolution
		{383DD740-8BA0-4439-A058-866DAF772A92}.Debug|Any CPU.ActiveCfg = Debug|Any CPU
		{383DD740-8BA0-4439-A058-866DAF772A92}.Debug|Any CPU.Build.0 = Debug|Any CPU
		{383DD740-8BA0-4439-A058-866DAF772A92}.Release|Any CPU.ActiveCfg = Release|Any CPU
		{383DD740-8BA0-4439-A058-866DAF772A92}.Release|Any CPU.Build.0 = Release|Any CPU
		{4D4AD240-111E-4283-B84F-483446D23130}.Debug|Any CPU.ActiveCfg = Debug|Any CPU
		{4D4AD240-111E-4283-B84F-483446D23130}.Debug|Any CPU.Build.0 = Debug|Any CPU
		{4D4AD240-111E-4283-B84F-483446D23130}.Release|Any CPU.ActiveCfg = Release|Any CPU
		{4D4AD240-111E-4283-B84F-483446D23130}.Release|Any CPU.Build.0 = Release|Any CPU
		{71341403-F120-4E02-A34C-06B5CB2A18CC}.Debug|Any CPU.ActiveCfg = Debug|Any CPU
		{71341403-F120-4E02-A34C-06B5CB2A18CC}.Debug|Any CPU.Build.0 = Debug|Any CPU
		{71341403-F120-4E02-A34C-06B5CB2A18CC}.Release|Any CPU.ActiveCfg = Release|Any CPU
		{28080D26-3251-4619-AD9D-54381759ED2A}.Debug|Any CPU.ActiveCfg = Debug|Any CPU
		{28080D26-3251-4619-AD9D-54381759ED2A}.Debug|Any CPU.Build.0 = Debug|Any CPU
		{28080D26-3251-4619-AD9D-54381759ED2A}.Release|Any CPU.ActiveCfg = Release|Any CPU
		{D67C5C98-4344-4E1F-B809-5A91551C90EC}.Debug|Any CPU.ActiveCfg = Debug|Any CPU
		{D67C5C98-4344-4E1F-B809-5A91551C90EC}.Debug|Any CPU.Build.0 = Debug|Any CPU
		{D67C5C98-4344-4E1F-B809-5A91551C90EC}.Release|Any CPU.ActiveCfg = Release|Any CPU
		{D67C5C98-4344-4E1F-B809-5A91551C90EC}.Release|Any CPU.Build.0 = Release|Any CPU
		{19461FA0-0295-4B38-A49E-9D4BF3F23F33}.Debug|Any CPU.ActiveCfg = Debug|Any CPU
		{19461FA0-0295-4B38-A49E-9D4BF3F23F33}.Debug|Any CPU.Build.0 = Debug|Any CPU
		{19461FA0-0295-4B38-A49E-9D4BF3F23F33}.Release|Any CPU.ActiveCfg = Release|Any CPU
		{19461FA0-0295-4B38-A49E-9D4BF3F23F33}.Release|Any CPU.Build.0 = Release|Any CPU
		{5EE1FE73-DB01-4E28-89C4-D505ED8DB155}.Debug|Any CPU.ActiveCfg = Debug|Any CPU
		{5EE1FE73-DB01-4E28-89C4-D505ED8DB155}.Debug|Any CPU.Build.0 = Debug|Any CPU
		{5EE1FE73-DB01-4E28-89C4-D505ED8DB155}.Release|Any CPU.ActiveCfg = Release|Any CPU
		{5EE1FE73-DB01-4E28-89C4-D505ED8DB155}.Release|Any CPU.Build.0 = Release|Any CPU
		{68B0CC78-FC18-405A-9817-6F3A1F44DF75}.Debug|Any CPU.ActiveCfg = Debug|Any CPU
		{68B0CC78-FC18-405A-9817-6F3A1F44DF75}.Debug|Any CPU.Build.0 = Debug|Any CPU
		{68B0CC78-FC18-405A-9817-6F3A1F44DF75}.Release|Any CPU.ActiveCfg = Release|Any CPU
		{960942AB-1309-48B0-85A5-696DAA198CB6}.Debug|Any CPU.ActiveCfg = Debug|Any CPU
		{960942AB-1309-48B0-85A5-696DAA198CB6}.Debug|Any CPU.Build.0 = Debug|Any CPU
		{960942AB-1309-48B0-85A5-696DAA198CB6}.Release|Any CPU.ActiveCfg = Release|Any CPU
		{0F444331-5143-44E1-AE56-10031AAF0C9B}.Debug|Any CPU.ActiveCfg = Debug|Any CPU
		{0F444331-5143-44E1-AE56-10031AAF0C9B}.Debug|Any CPU.Build.0 = Debug|Any CPU
		{0F444331-5143-44E1-AE56-10031AAF0C9B}.Release|Any CPU.ActiveCfg = Release|Any CPU
		{0F444331-5143-44E1-AE56-10031AAF0C9B}.Release|Any CPU.Build.0 = Release|Any CPU
		{6BE29CEB-C11C-4768-BBC8-BA7B728B30BF}.Debug|Any CPU.ActiveCfg = Debug|Any CPU
		{6BE29CEB-C11C-4768-BBC8-BA7B728B30BF}.Debug|Any CPU.Build.0 = Debug|Any CPU
		{6BE29CEB-C11C-4768-BBC8-BA7B728B30BF}.Release|Any CPU.ActiveCfg = Release|Any CPU
		{6BE29CEB-C11C-4768-BBC8-BA7B728B30BF}.Release|Any CPU.Build.0 = Release|Any CPU
	EndGlobalSection
	GlobalSection(SolutionProperties) = preSolution
		HideSolutionNode = FALSE
	EndGlobalSection
	GlobalSection(NestedProjects) = preSolution
		{383DD740-8BA0-4439-A058-866DAF772A92} = {5D397648-DADD-4E29-BF89-B79847EA1207}
		{4D4AD240-111E-4283-B84F-483446D23130} = {5D397648-DADD-4E29-BF89-B79847EA1207}
		{71341403-F120-4E02-A34C-06B5CB2A18CC} = {0FBB9903-CA58-47C0-B7EC-D0BE157CBC0D}
		{28080D26-3251-4619-AD9D-54381759ED2A} = {0FBB9903-CA58-47C0-B7EC-D0BE157CBC0D}
		{D67C5C98-4344-4E1F-B809-5A91551C90EC} = {F0FA418E-E9E8-4A7F-835D-A00476B78754}
		{19461FA0-0295-4B38-A49E-9D4BF3F23F33} = {5D397648-DADD-4E29-BF89-B79847EA1207}
		{5EE1FE73-DB01-4E28-89C4-D505ED8DB155} = {5D397648-DADD-4E29-BF89-B79847EA1207}
		{68B0CC78-FC18-405A-9817-6F3A1F44DF75} = {0FBB9903-CA58-47C0-B7EC-D0BE157CBC0D}
		{960942AB-1309-48B0-85A5-696DAA198CB6} = {0FBB9903-CA58-47C0-B7EC-D0BE157CBC0D}
		{0F444331-5143-44E1-AE56-10031AAF0C9B} = {F0FA418E-E9E8-4A7F-835D-A00476B78754}
		{6BE29CEB-C11C-4768-BBC8-BA7B728B30BF} = {F0FA418E-E9E8-4A7F-835D-A00476B78754}
	EndGlobalSection
	GlobalSection(ExtensibilityGlobals) = postSolution
		SolutionGuid = {B95B2150-30E5-400E-A091-5AE747285B80}
	EndGlobalSection
EndGlobal
